
Microsoft Visual Studio Solution File, Format Version 12.00
# Visual Studio Version 17
VisualStudioVersion = 17.4.33205.214
MinimumVisualStudioVersion = 10.0.40219.1
Project("{FAE04EC0-301F-11D3-BF4B-00C04F79EFBC}") = "HelloWorld", "HelloWorld\HelloWorld.csproj", "{63AA8277-5026-47D7-A85A-7AFC4DF47099}"
EndProject
Project("{FAE04EC0-301F-11D3-BF4B-00C04F79EFBC}") = "LabsAndRef", "LabsAndRef\LabsAndRef.csproj", "{D3F7187D-BAD2-475D-AE39-6D46CAE21A69}"
EndProject
Project("{FAE04EC0-301F-11D3-BF4B-00C04F79EFBC}") = "SimpleCalculator.ConsoleApp", "SimpleCalculator.ConsoleApp\SimpleCalculator.ConsoleApp.csproj", "{9AD8BD43-1ECB-4438-BD88-4C9ADD728C28}"
EndProject
Project("{FAE04EC0-301F-11D3-BF4B-00C04F79EFBC}") = "SimpleCalculator.Business", "SimpleCalculator.Business\SimpleCalculator.Business.csproj", "{D0F3CF35-39E0-477B-BA5D-86EBA25EE559}"
EndProject
Project("{2150E333-8FDC-42A3-9474-1A3956D46DE8}") = "SimpleCalculatorApp", "SimpleCalculatorApp", "{1CFCDB63-6D10-4874-A4A0-2E3AC103BE1B}"
EndProject
Project("{2150E333-8FDC-42A3-9474-1A3956D46DE8}") = "PresentationLayer", "PresentationLayer", "{44E81E7A-56D7-4384-8289-565BBAD455B6}"
EndProject
Project("{2150E333-8FDC-42A3-9474-1A3956D46DE8}") = "BusinessLayer", "BusinessLayer", "{A1E81D43-8AB1-4614-A222-6FB48BEA0F30}"
EndProject
Project("{FAE04EC0-301F-11D3-BF4B-00C04F79EFBC}") = "SimpleCalculator.WindowsFormsApp", "SimpleCalculator.WindowsFormsApp\SimpleCalculator.WindowsFormsApp.csproj", "{EB0A33A9-6EE8-4466-B1AB-C0861B12E73D}"
EndProject
Project("{2150E333-8FDC-42A3-9474-1A3956D46DE8}") = "OO Code", "OO Code", "{69CAA88D-CA36-4CBB-AF4C-886C54C74957}"
EndProject
Project("{FAE04EC0-301F-11D3-BF4B-00C04F79EFBC}") = "OOCode1", "OOCode1\OOCode1.csproj", "{46AA39FB-BD66-47EB-A412-3ADDDB1B5AF3}"
EndProject
Project("{FAE04EC0-301F-11D3-BF4B-00C04F79EFBC}") = "ConsoleApp1", "ConsoleApp1\ConsoleApp1.csproj", "{52F84594-BA2C-417A-BCCA-AEEC6A2B1809}"
EndProject
Project("{FAE04EC0-301F-11D3-BF4B-00C04F79EFBC}") = "TrainerTraineeApp", "TrainerTraineeApp\TrainerTraineeApp.csproj", "{B3017B55-8265-49BC-890C-9C087DF0F431}"
EndProject
Project("{FAE04EC0-301F-11D3-BF4B-00C04F79EFBC}") = "CompanyOrdersApp", "CompanyOrdersApp\CompanyOrdersApp.csproj", "{FC63D8B9-1932-45C6-AAE9-08925F85F4E2}"
EndProject
Project("{FAE04EC0-301F-11D3-BF4B-00C04F79EFBC}") = "OODemo2", "OODemo2\OODemo2.csproj", "{252C67B7-3E62-4F7C-A262-1CFCF29B6EE8}"
EndProject
Project("{FAE04EC0-301F-11D3-BF4B-00C04F79EFBC}") = "ide-languageApp", "ide-languageApp\ide-languageApp.csproj", "{F5B577D2-C631-4B26-9697-BE2599479ACA}"
EndProject
Project("{FAE04EC0-301F-11D3-BF4B-00C04F79EFBC}") = "OOCode4", "OOCode4\OOCode4.csproj", "{48639159-5DAF-4332-9AE9-9A4DD5B7E448}"
EndProject
Project("{2150E333-8FDC-42A3-9474-1A3956D46DE8}") = "Collections Demo", "Collections Demo", "{8C0CB7FC-12FF-4C2C-9907-901B99C7864F}"
EndProject
Project("{FAE04EC0-301F-11D3-BF4B-00C04F79EFBC}") = "CollectionsDemo1", "CollectionsDemo1\CollectionsDemo1.csproj", "{121A4452-B140-410D-A835-A3321B52F2C7}"
EndProject
Project("{FAE04EC0-301F-11D3-BF4B-00C04F79EFBC}") = "DynamicCollectionsDemo1", "DynamicCollectionsDemo1\DynamicCollectionsDemo1.csproj", "{710085E4-ECCE-4E91-93AA-010114127BD2}"
EndProject
Project("{FAE04EC0-301F-11D3-BF4B-00C04F79EFBC}") = "CollectionsDemo3", "CollectionsDemo3\CollectionsDemo3.csproj", "{5731A003-087A-4BFE-AA29-F822CB3BC2C1}"
EndProject
Project("{2150E333-8FDC-42A3-9474-1A3956D46DE8}") = "Exceptions Handling Demos", "Exceptions Handling Demos", "{F9DAFDAA-FAF1-4137-8417-7CDBF59A170B}"
EndProject
Project("{FAE04EC0-301F-11D3-BF4B-00C04F79EFBC}") = "ExceptionsDemo1", "ExceptionsDemo1\ExceptionsDemo1.csproj", "{EAD6C918-640B-4073-B834-4893D29FF366}"
EndProject
Project("{2150E333-8FDC-42A3-9474-1A3956D46DE8}") = "File IO", "File IO", "{302AF3AC-C9C7-43C9-9299-93AA29CDF4AC}"
EndProject
Project("{FAE04EC0-301F-11D3-BF4B-00C04F79EFBC}") = "FileIODemo", "FileIODemo\FileIODemo.csproj", "{337971EC-4B36-4DC7-A1E2-2C7A716F5443}"
EndProject
Project("{2150E333-8FDC-42A3-9474-1A3956D46DE8}") = "Contact Manager", "Contact Manager", "{0282FB60-FF82-468E-A28A-8A147ED851A0}"
EndProject
Project("{2150E333-8FDC-42A3-9474-1A3956D46DE8}") = "Presentation Layer", "Presentation Layer", "{ECF99179-4EB7-451C-A82C-4C58F798507C}"
EndProject
Project("{2150E333-8FDC-42A3-9474-1A3956D46DE8}") = "Data Layer", "Data Layer", "{0188CC2F-B894-4791-9B24-CF7F004ED6A1}"
EndProject
Project("{FAE04EC0-301F-11D3-BF4B-00C04F79EFBC}") = "ContactManager.ConsoleApp", "ContactManager.ConsoleApp\ContactManager.ConsoleApp.csproj", "{40CF080D-521B-49F3-9424-59D22BEF3ED4}"
EndProject
Project("{FAE04EC0-301F-11D3-BF4B-00C04F79EFBC}") = "ContactManagers.DataAccess", "ContactManagers.DataAccess\ContactManagers.DataAccess.csproj", "{A4065EAD-7CAA-4A21-8683-4455FF65EAF5}"
EndProject
Project("{2150E333-8FDC-42A3-9474-1A3956D46DE8}") = "Delegates", "Delegates", "{45197EE5-25A5-4126-ABF7-5BA2D253C5F1}"
EndProject
Project("{FAE04EC0-301F-11D3-BF4B-00C04F79EFBC}") = "DelegatesDemo1", "DelegatesDemo1\DelegatesDemo1.csproj", "{149FD500-829D-40C5-BA31-57324D44D36D}"
EndProject
Project("{FAE04EC0-301F-11D3-BF4B-00C04F79EFBC}") = "DelegatesDemo2", "DelegatesDemo2\DelegatesDemo2.csproj", "{9C4BF879-EFD9-4FF0-90E9-106AC9782AA8}"
EndProject
Project("{FAE04EC0-301F-11D3-BF4B-00C04F79EFBC}") = "LambdasDemo1", "LambdasDemo1\LambdasDemo1.csproj", "{CA0B6F6D-BBA2-4625-8F0C-7B4A5064DC1E}"
EndProject
Project("{FAE04EC0-301F-11D3-BF4B-00C04F79EFBC}") = "Delegates3", "Delegates3\Delegates3.csproj", "{EF9B002B-4C05-4E64-92FC-16964E9E5D9C}"
EndProject
Global
	GlobalSection(SolutionConfigurationPlatforms) = preSolution
		Debug|Any CPU = Debug|Any CPU
		Release|Any CPU = Release|Any CPU
	EndGlobalSection
	GlobalSection(ProjectConfigurationPlatforms) = postSolution
		{63AA8277-5026-47D7-A85A-7AFC4DF47099}.Debug|Any CPU.ActiveCfg = Debug|Any CPU
		{63AA8277-5026-47D7-A85A-7AFC4DF47099}.Debug|Any CPU.Build.0 = Debug|Any CPU
		{63AA8277-5026-47D7-A85A-7AFC4DF47099}.Release|Any CPU.ActiveCfg = Release|Any CPU
		{63AA8277-5026-47D7-A85A-7AFC4DF47099}.Release|Any CPU.Build.0 = Release|Any CPU
		{D3F7187D-BAD2-475D-AE39-6D46CAE21A69}.Debug|Any CPU.ActiveCfg = Debug|Any CPU
		{D3F7187D-BAD2-475D-AE39-6D46CAE21A69}.Debug|Any CPU.Build.0 = Debug|Any CPU
		{D3F7187D-BAD2-475D-AE39-6D46CAE21A69}.Release|Any CPU.ActiveCfg = Release|Any CPU
		{D3F7187D-BAD2-475D-AE39-6D46CAE21A69}.Release|Any CPU.Build.0 = Release|Any CPU
		{9AD8BD43-1ECB-4438-BD88-4C9ADD728C28}.Debug|Any CPU.ActiveCfg = Debug|Any CPU
		{9AD8BD43-1ECB-4438-BD88-4C9ADD728C28}.Debug|Any CPU.Build.0 = Debug|Any CPU
		{9AD8BD43-1ECB-4438-BD88-4C9ADD728C28}.Release|Any CPU.ActiveCfg = Release|Any CPU
		{9AD8BD43-1ECB-4438-BD88-4C9ADD728C28}.Release|Any CPU.Build.0 = Release|Any CPU
		{D0F3CF35-39E0-477B-BA5D-86EBA25EE559}.Debug|Any CPU.ActiveCfg = Debug|Any CPU
		{D0F3CF35-39E0-477B-BA5D-86EBA25EE559}.Debug|Any CPU.Build.0 = Debug|Any CPU
		{D0F3CF35-39E0-477B-BA5D-86EBA25EE559}.Release|Any CPU.ActiveCfg = Release|Any CPU
		{D0F3CF35-39E0-477B-BA5D-86EBA25EE559}.Release|Any CPU.Build.0 = Release|Any CPU
		{EB0A33A9-6EE8-4466-B1AB-C0861B12E73D}.Debug|Any CPU.ActiveCfg = Debug|Any CPU
		{EB0A33A9-6EE8-4466-B1AB-C0861B12E73D}.Debug|Any CPU.Build.0 = Debug|Any CPU
		{EB0A33A9-6EE8-4466-B1AB-C0861B12E73D}.Release|Any CPU.ActiveCfg = Release|Any CPU
		{EB0A33A9-6EE8-4466-B1AB-C0861B12E73D}.Release|Any CPU.Build.0 = Release|Any CPU
		{46AA39FB-BD66-47EB-A412-3ADDDB1B5AF3}.Debug|Any CPU.ActiveCfg = Debug|Any CPU
		{46AA39FB-BD66-47EB-A412-3ADDDB1B5AF3}.Debug|Any CPU.Build.0 = Debug|Any CPU
		{46AA39FB-BD66-47EB-A412-3ADDDB1B5AF3}.Release|Any CPU.ActiveCfg = Release|Any CPU
		{46AA39FB-BD66-47EB-A412-3ADDDB1B5AF3}.Release|Any CPU.Build.0 = Release|Any CPU
		{52F84594-BA2C-417A-BCCA-AEEC6A2B1809}.Debug|Any CPU.ActiveCfg = Debug|Any CPU
		{52F84594-BA2C-417A-BCCA-AEEC6A2B1809}.Debug|Any CPU.Build.0 = Debug|Any CPU
		{52F84594-BA2C-417A-BCCA-AEEC6A2B1809}.Release|Any CPU.ActiveCfg = Release|Any CPU
		{52F84594-BA2C-417A-BCCA-AEEC6A2B1809}.Release|Any CPU.Build.0 = Release|Any CPU
		{B3017B55-8265-49BC-890C-9C087DF0F431}.Debug|Any CPU.ActiveCfg = Debug|Any CPU
		{B3017B55-8265-49BC-890C-9C087DF0F431}.Debug|Any CPU.Build.0 = Debug|Any CPU
		{B3017B55-8265-49BC-890C-9C087DF0F431}.Release|Any CPU.ActiveCfg = Release|Any CPU
		{B3017B55-8265-49BC-890C-9C087DF0F431}.Release|Any CPU.Build.0 = Release|Any CPU
		{FC63D8B9-1932-45C6-AAE9-08925F85F4E2}.Debug|Any CPU.ActiveCfg = Debug|Any CPU
		{FC63D8B9-1932-45C6-AAE9-08925F85F4E2}.Debug|Any CPU.Build.0 = Debug|Any CPU
		{FC63D8B9-1932-45C6-AAE9-08925F85F4E2}.Release|Any CPU.ActiveCfg = Release|Any CPU
		{FC63D8B9-1932-45C6-AAE9-08925F85F4E2}.Release|Any CPU.Build.0 = Release|Any CPU
		{252C67B7-3E62-4F7C-A262-1CFCF29B6EE8}.Debug|Any CPU.ActiveCfg = Debug|Any CPU
		{252C67B7-3E62-4F7C-A262-1CFCF29B6EE8}.Debug|Any CPU.Build.0 = Debug|Any CPU
		{252C67B7-3E62-4F7C-A262-1CFCF29B6EE8}.Release|Any CPU.ActiveCfg = Release|Any CPU
		{252C67B7-3E62-4F7C-A262-1CFCF29B6EE8}.Release|Any CPU.Build.0 = Release|Any CPU
		{F5B577D2-C631-4B26-9697-BE2599479ACA}.Debug|Any CPU.ActiveCfg = Debug|Any CPU
		{F5B577D2-C631-4B26-9697-BE2599479ACA}.Debug|Any CPU.Build.0 = Debug|Any CPU
		{F5B577D2-C631-4B26-9697-BE2599479ACA}.Release|Any CPU.ActiveCfg = Release|Any CPU
		{F5B577D2-C631-4B26-9697-BE2599479ACA}.Release|Any CPU.Build.0 = Release|Any CPU
		{48639159-5DAF-4332-9AE9-9A4DD5B7E448}.Debug|Any CPU.ActiveCfg = Debug|Any CPU
		{48639159-5DAF-4332-9AE9-9A4DD5B7E448}.Debug|Any CPU.Build.0 = Debug|Any CPU
		{48639159-5DAF-4332-9AE9-9A4DD5B7E448}.Release|Any CPU.ActiveCfg = Release|Any CPU
		{48639159-5DAF-4332-9AE9-9A4DD5B7E448}.Release|Any CPU.Build.0 = Release|Any CPU
		{121A4452-B140-410D-A835-A3321B52F2C7}.Debug|Any CPU.ActiveCfg = Debug|Any CPU
		{121A4452-B140-410D-A835-A3321B52F2C7}.Debug|Any CPU.Build.0 = Debug|Any CPU
		{121A4452-B140-410D-A835-A3321B52F2C7}.Release|Any CPU.ActiveCfg = Release|Any CPU
		{121A4452-B140-410D-A835-A3321B52F2C7}.Release|Any CPU.Build.0 = Release|Any CPU
		{710085E4-ECCE-4E91-93AA-010114127BD2}.Debug|Any CPU.ActiveCfg = Debug|Any CPU
		{710085E4-ECCE-4E91-93AA-010114127BD2}.Debug|Any CPU.Build.0 = Debug|Any CPU
		{710085E4-ECCE-4E91-93AA-010114127BD2}.Release|Any CPU.ActiveCfg = Release|Any CPU
		{710085E4-ECCE-4E91-93AA-010114127BD2}.Release|Any CPU.Build.0 = Release|Any CPU
		{5731A003-087A-4BFE-AA29-F822CB3BC2C1}.Debug|Any CPU.ActiveCfg = Debug|Any CPU
		{5731A003-087A-4BFE-AA29-F822CB3BC2C1}.Debug|Any CPU.Build.0 = Debug|Any CPU
		{5731A003-087A-4BFE-AA29-F822CB3BC2C1}.Release|Any CPU.ActiveCfg = Release|Any CPU
		{5731A003-087A-4BFE-AA29-F822CB3BC2C1}.Release|Any CPU.Build.0 = Release|Any CPU
		{EAD6C918-640B-4073-B834-4893D29FF366}.Debug|Any CPU.ActiveCfg = Debug|Any CPU
		{EAD6C918-640B-4073-B834-4893D29FF366}.Debug|Any CPU.Build.0 = Debug|Any CPU
		{EAD6C918-640B-4073-B834-4893D29FF366}.Release|Any CPU.ActiveCfg = Release|Any CPU
		{EAD6C918-640B-4073-B834-4893D29FF366}.Release|Any CPU.Build.0 = Release|Any CPU
		{337971EC-4B36-4DC7-A1E2-2C7A716F5443}.Debug|Any CPU.ActiveCfg = Debug|Any CPU
		{337971EC-4B36-4DC7-A1E2-2C7A716F5443}.Debug|Any CPU.Build.0 = Debug|Any CPU
		{337971EC-4B36-4DC7-A1E2-2C7A716F5443}.Release|Any CPU.ActiveCfg = Release|Any CPU
		{337971EC-4B36-4DC7-A1E2-2C7A716F5443}.Release|Any CPU.Build.0 = Release|Any CPU
		{40CF080D-521B-49F3-9424-59D22BEF3ED4}.Debug|Any CPU.ActiveCfg = Debug|Any CPU
		{40CF080D-521B-49F3-9424-59D22BEF3ED4}.Debug|Any CPU.Build.0 = Debug|Any CPU
		{40CF080D-521B-49F3-9424-59D22BEF3ED4}.Release|Any CPU.ActiveCfg = Release|Any CPU
		{40CF080D-521B-49F3-9424-59D22BEF3ED4}.Release|Any CPU.Build.0 = Release|Any CPU
		{A4065EAD-7CAA-4A21-8683-4455FF65EAF5}.Debug|Any CPU.ActiveCfg = Debug|Any CPU
		{A4065EAD-7CAA-4A21-8683-4455FF65EAF5}.Debug|Any CPU.Build.0 = Debug|Any CPU
		{A4065EAD-7CAA-4A21-8683-4455FF65EAF5}.Release|Any CPU.ActiveCfg = Release|Any CPU
		{A4065EAD-7CAA-4A21-8683-4455FF65EAF5}.Release|Any CPU.Build.0 = Release|Any CPU
		{149FD500-829D-40C5-BA31-57324D44D36D}.Debug|Any CPU.ActiveCfg = Debug|Any CPU
		{149FD500-829D-40C5-BA31-57324D44D36D}.Debug|Any CPU.Build.0 = Debug|Any CPU
		{149FD500-829D-40C5-BA31-57324D44D36D}.Release|Any CPU.ActiveCfg = Release|Any CPU
		{149FD500-829D-40C5-BA31-57324D44D36D}.Release|Any CPU.Build.0 = Release|Any CPU
		{9C4BF879-EFD9-4FF0-90E9-106AC9782AA8}.Debug|Any CPU.ActiveCfg = Debug|Any CPU
		{9C4BF879-EFD9-4FF0-90E9-106AC9782AA8}.Debug|Any CPU.Build.0 = Debug|Any CPU
		{9C4BF879-EFD9-4FF0-90E9-106AC9782AA8}.Release|Any CPU.ActiveCfg = Release|Any CPU
		{9C4BF879-EFD9-4FF0-90E9-106AC9782AA8}.Release|Any CPU.Build.0 = Release|Any CPU
		{CA0B6F6D-BBA2-4625-8F0C-7B4A5064DC1E}.Debug|Any CPU.ActiveCfg = Debug|Any CPU
		{CA0B6F6D-BBA2-4625-8F0C-7B4A5064DC1E}.Debug|Any CPU.Build.0 = Debug|Any CPU
		{CA0B6F6D-BBA2-4625-8F0C-7B4A5064DC1E}.Release|Any CPU.ActiveCfg = Release|Any CPU
		{CA0B6F6D-BBA2-4625-8F0C-7B4A5064DC1E}.Release|Any CPU.Build.0 = Release|Any CPU
		{EF9B002B-4C05-4E64-92FC-16964E9E5D9C}.Debug|Any CPU.ActiveCfg = Debug|Any CPU
		{EF9B002B-4C05-4E64-92FC-16964E9E5D9C}.Debug|Any CPU.Build.0 = Debug|Any CPU
		{EF9B002B-4C05-4E64-92FC-16964E9E5D9C}.Release|Any CPU.ActiveCfg = Release|Any CPU
		{EF9B002B-4C05-4E64-92FC-16964E9E5D9C}.Release|Any CPU.Build.0 = Release|Any CPU
	EndGlobalSection
	GlobalSection(SolutionProperties) = preSolution
		HideSolutionNode = FALSE
	EndGlobalSection
	GlobalSection(NestedProjects) = preSolution
		{9AD8BD43-1ECB-4438-BD88-4C9ADD728C28} = {44E81E7A-56D7-4384-8289-565BBAD455B6}
		{D0F3CF35-39E0-477B-BA5D-86EBA25EE559} = {A1E81D43-8AB1-4614-A222-6FB48BEA0F30}
		{44E81E7A-56D7-4384-8289-565BBAD455B6} = {1CFCDB63-6D10-4874-A4A0-2E3AC103BE1B}
		{A1E81D43-8AB1-4614-A222-6FB48BEA0F30} = {1CFCDB63-6D10-4874-A4A0-2E3AC103BE1B}
		{EB0A33A9-6EE8-4466-B1AB-C0861B12E73D} = {44E81E7A-56D7-4384-8289-565BBAD455B6}
		{46AA39FB-BD66-47EB-A412-3ADDDB1B5AF3} = {69CAA88D-CA36-4CBB-AF4C-886C54C74957}
		{52F84594-BA2C-417A-BCCA-AEEC6A2B1809} = {69CAA88D-CA36-4CBB-AF4C-886C54C74957}
		{B3017B55-8265-49BC-890C-9C087DF0F431} = {69CAA88D-CA36-4CBB-AF4C-886C54C74957}
		{FC63D8B9-1932-45C6-AAE9-08925F85F4E2} = {69CAA88D-CA36-4CBB-AF4C-886C54C74957}
		{252C67B7-3E62-4F7C-A262-1CFCF29B6EE8} = {69CAA88D-CA36-4CBB-AF4C-886C54C74957}
		{F5B577D2-C631-4B26-9697-BE2599479ACA} = {69CAA88D-CA36-4CBB-AF4C-886C54C74957}
		{48639159-5DAF-4332-9AE9-9A4DD5B7E448} = {69CAA88D-CA36-4CBB-AF4C-886C54C74957}
		{121A4452-B140-410D-A835-A3321B52F2C7} = {8C0CB7FC-12FF-4C2C-9907-901B99C7864F}
		{710085E4-ECCE-4E91-93AA-010114127BD2} = {8C0CB7FC-12FF-4C2C-9907-901B99C7864F}
		{5731A003-087A-4BFE-AA29-F822CB3BC2C1} = {8C0CB7FC-12FF-4C2C-9907-901B99C7864F}
		{EAD6C918-640B-4073-B834-4893D29FF366} = {F9DAFDAA-FAF1-4137-8417-7CDBF59A170B}
		{337971EC-4B36-4DC7-A1E2-2C7A716F5443} = {302AF3AC-C9C7-43C9-9299-93AA29CDF4AC}
		{ECF99179-4EB7-451C-A82C-4C58F798507C} = {0282FB60-FF82-468E-A28A-8A147ED851A0}
		{0188CC2F-B894-4791-9B24-CF7F004ED6A1} = {0282FB60-FF82-468E-A28A-8A147ED851A0}
		{40CF080D-521B-49F3-9424-59D22BEF3ED4} = {ECF99179-4EB7-451C-A82C-4C58F798507C}
		{A4065EAD-7CAA-4A21-8683-4455FF65EAF5} = {0188CC2F-B894-4791-9B24-CF7F004ED6A1}
		{149FD500-829D-40C5-BA31-57324D44D36D} = {45197EE5-25A5-4126-ABF7-5BA2D253C5F1}
		{9C4BF879-EFD9-4FF0-90E9-106AC9782AA8} = {45197EE5-25A5-4126-ABF7-5BA2D253C5F1}
		{CA0B6F6D-BBA2-4625-8F0C-7B4A5064DC1E} = {45197EE5-25A5-4126-ABF7-5BA2D253C5F1}
		{EF9B002B-4C05-4E64-92FC-16964E9E5D9C} = {45197EE5-25A5-4126-ABF7-5BA2D253C5F1}
	EndGlobalSection
	GlobalSection(ExtensibilityGlobals) = postSolution
		SolutionGuid = {4FE45911-3EF7-4206-9B62-38E4C8ACA190}
	EndGlobalSection
EndGlobal
