
Microsoft Visual Studio Solution File, Format Version 12.00
# Visual Studio Version 17
VisualStudioVersion = 17.4.33205.214
MinimumVisualStudioVersion = 10.0.40219.1
Project("{FAE04EC0-301F-11D3-BF4B-00C04F79EFBC}") = "HelloWorld", "HelloWorld\HelloWorld.csproj", "{63AA8277-5026-47D7-A85A-7AFC4DF47099}"
EndProject
Project("{FAE04EC0-301F-11D3-BF4B-00C04F79EFBC}") = "LabsAndRef", "LabsAndRef\LabsAndRef.csproj", "{D3F7187D-BAD2-475D-AE39-6D46CAE21A69}"
EndProject
Project("{FAE04EC0-301F-11D3-BF4B-00C04F79EFBC}") = "SimpleCalculator.ConsoleApp", "SimpleCalculator.ConsoleApp\SimpleCalculator.ConsoleApp.csproj", "{9AD8BD43-1ECB-4438-BD88-4C9ADD728C28}"
EndProject
Project("{FAE04EC0-301F-11D3-BF4B-00C04F79EFBC}") = "SimpleCalculator.Business", "SimpleCalculator.Business\SimpleCalculator.Business.csproj", "{D0F3CF35-39E0-477B-BA5D-86EBA25EE559}"
EndProject
Project("{2150E333-8FDC-42A3-9474-1A3956D46DE8}") = "SimpleCalculatorApp", "SimpleCalculatorApp", "{1CFCDB63-6D10-4874-A4A0-2E3AC103BE1B}"
EndProject
Project("{2150E333-8FDC-42A3-9474-1A3956D46DE8}") = "PresentationLayer", "PresentationLayer", "{44E81E7A-56D7-4384-8289-565BBAD455B6}"
EndProject
Project("{2150E333-8FDC-42A3-9474-1A3956D46DE8}") = "BusinessLayer", "BusinessLayer", "{A1E81D43-8AB1-4614-A222-6FB48BEA0F30}"
EndProject
Project("{FAE04EC0-301F-11D3-BF4B-00C04F79EFBC}") = "SimpleCalculator.WindowsFormsApp", "SimpleCalculator.WindowsFormsApp\SimpleCalculator.WindowsFormsApp.csproj", "{EB0A33A9-6EE8-4466-B1AB-C0861B12E73D}"
EndProject
Project("{2150E333-8FDC-42A3-9474-1A3956D46DE8}") = "OO Code", "OO Code", "{69CAA88D-CA36-4CBB-AF4C-886C54C74957}"
EndProject
Project("{FAE04EC0-301F-11D3-BF4B-00C04F79EFBC}") = "OOCode1", "OOCode1\OOCode1.csproj", "{46AA39FB-BD66-47EB-A412-3ADDDB1B5AF3}"
EndProject
Project("{FAE04EC0-301F-11D3-BF4B-00C04F79EFBC}") = "ConsoleApp1", "ConsoleApp1\ConsoleApp1.csproj", "{52F84594-BA2C-417A-BCCA-AEEC6A2B1809}"
EndProject
Project("{FAE04EC0-301F-11D3-BF4B-00C04F79EFBC}") = "TrainerTraineeApp", "TrainerTraineeApp\TrainerTraineeApp.csproj", "{B3017B55-8265-49BC-890C-9C087DF0F431}"
EndProject
Project("{FAE04EC0-301F-11D3-BF4B-00C04F79EFBC}") = "CompanyOrdersApp", "CompanyOrdersApp\CompanyOrdersApp.csproj", "{FC63D8B9-1932-45C6-AAE9-08925F85F4E2}"
EndProject
Project("{FAE04EC0-301F-11D3-BF4B-00C04F79EFBC}") = "OODemo2", "OODemo2\OODemo2.csproj", "{252C67B7-3E62-4F7C-A262-1CFCF29B6EE8}"
EndProject
Project("{FAE04EC0-301F-11D3-BF4B-00C04F79EFBC}") = "ide-languageApp", "ide-languageApp\ide-languageApp.csproj", "{F5B577D2-C631-4B26-9697-BE2599479ACA}"
EndProject
Project("{FAE04EC0-301F-11D3-BF4B-00C04F79EFBC}") = "OOCode4", "OOCode4\OOCode4.csproj", "{48639159-5DAF-4332-9AE9-9A4DD5B7E448}"
EndProject
Project("{2150E333-8FDC-42A3-9474-1A3956D46DE8}") = "Collections Demo", "Collections Demo", "{8C0CB7FC-12FF-4C2C-9907-901B99C7864F}"
EndProject
Project("{FAE04EC0-301F-11D3-BF4B-00C04F79EFBC}") = "CollectionsDemo1", "CollectionsDemo1\CollectionsDemo1.csproj", "{121A4452-B140-410D-A835-A3321B52F2C7}"
EndProject
Project("{FAE04EC0-301F-11D3-BF4B-00C04F79EFBC}") = "DynamicCollectionsDemo1", "DynamicCollectionsDemo1\DynamicCollectionsDemo1.csproj", "{710085E4-ECCE-4E91-93AA-010114127BD2}"
EndProject
Project("{FAE04EC0-301F-11D3-BF4B-00C04F79EFBC}") = "CollectionsDemo3", "CollectionsDemo3\CollectionsDemo3.csproj", "{5731A003-087A-4BFE-AA29-F822CB3BC2C1}"
EndProject
Project("{2150E333-8FDC-42A3-9474-1A3956D46DE8}") = "Exceptions Handling Demos", "Exceptions Handling Demos", "{F9DAFDAA-FAF1-4137-8417-7CDBF59A170B}"
EndProject
Project("{FAE04EC0-301F-11D3-BF4B-00C04F79EFBC}") = "ExceptionsDemo1", "ExceptionsDemo1\ExceptionsDemo1.csproj", "{EAD6C918-640B-4073-B834-4893D29FF366}"
EndProject
Project("{2150E333-8FDC-42A3-9474-1A3956D46DE8}") = "File IO", "File IO", "{302AF3AC-C9C7-43C9-9299-93AA29CDF4AC}"
EndProject
Project("{FAE04EC0-301F-11D3-BF4B-00C04F79EFBC}") = "FileIODemo", "FileIODemo\FileIODemo.csproj", "{337971EC-4B36-4DC7-A1E2-2C7A716F5443}"
EndProject
Project("{2150E333-8FDC-42A3-9474-1A3956D46DE8}") = "Contact Manager", "Contact Manager", "{0282FB60-FF82-468E-A28A-8A147ED851A0}"
EndProject
Project("{2150E333-8FDC-42A3-9474-1A3956D46DE8}") = "Presentation Layer", "Presentation Layer", "{ECF99179-4EB7-451C-A82C-4C58F798507C}"
EndProject
Project("{2150E333-8FDC-42A3-9474-1A3956D46DE8}") = "Data Layer", "Data Layer", "{0188CC2F-B894-4791-9B24-CF7F004ED6A1}"
EndProject
Project("{FAE04EC0-301F-11D3-BF4B-00C04F79EFBC}") = "ContactManager.ConsoleApp", "ContactManager.ConsoleApp\ContactManager.ConsoleApp.csproj", "{40CF080D-521B-49F3-9424-59D22BEF3ED4}"
EndProject
Project("{FAE04EC0-301F-11D3-BF4B-00C04F79EFBC}") = "ContactManagers.DataAccess", "ContactManagers.DataAccess\ContactManagers.DataAccess.csproj", "{A4065EAD-7CAA-4A21-8683-4455FF65EAF5}"
EndProject
Project("{2150E333-8FDC-42A3-9474-1A3956D46DE8}") = "Delegates", "Delegates", "{45197EE5-25A5-4126-ABF7-5BA2D253C5F1}"
EndProject
Project("{FAE04EC0-301F-11D3-BF4B-00C04F79EFBC}") = "DelegatesDemo1", "DelegatesDemo1\DelegatesDemo1.csproj", "{149FD500-829D-40C5-BA31-57324D44D36D}"
EndProject
Project("{FAE04EC0-301F-11D3-BF4B-00C04F79EFBC}") = "DelegatesDemo2", "DelegatesDemo2\DelegatesDemo2.csproj", "{9C4BF879-EFD9-4FF0-90E9-106AC9782AA8}"
EndProject
Project("{FAE04EC0-301F-11D3-BF4B-00C04F79EFBC}") = "LambdasDemo1", "LambdasDemo1\LambdasDemo1.csproj", "{CA0B6F6D-BBA2-4625-8F0C-7B4A5064DC1E}"
EndProject
Project("{FAE04EC0-301F-11D3-BF4B-00C04F79EFBC}") = "Delegates3", "Delegates3\Delegates3.csproj", "{EF9B002B-4C05-4E64-92FC-16964E9E5D9C}"
EndProject
Project("{2150E333-8FDC-42A3-9474-1A3956D46DE8}") = "Unit Testing", "Unit Testing", "{E1F374D4-3FAC-4D04-AFC4-00A1AEACFF86}"
EndProject
Project("{FAE04EC0-301F-11D3-BF4B-00C04F79EFBC}") = "SimpleCalculatorLibrary", "SimpleCalculatorLibrary\SimpleCalculatorLibrary.csproj", "{0D37D141-116C-4331-AF08-11E77F72EAED}"
EndProject
Project("{FAE04EC0-301F-11D3-BF4B-00C04F79EFBC}") = "SimpleCalculator.UnitTest", "SimpleCalculator.UnitTest\SimpleCalculator.UnitTest.csproj", "{5F5F5A11-EEBE-48B3-A7CF-9EE1D379F809}"
EndProject
Project("{FAE04EC0-301F-11D3-BF4B-00C04F79EFBC}") = "SimpleCalculator.DataAccess", "SimpleCalculator.DataAccess\SimpleCalculator.DataAccess.csproj", "{A77FDC8C-871F-4763-B037-C08D2E2B42CA}"
EndProject
Project("{2150E333-8FDC-42A3-9474-1A3956D46DE8}") = "Threading Demos", "Threading Demos", "{2536D24C-BC80-41E1-A04E-B9357C122A74}"
EndProject
Project("{FAE04EC0-301F-11D3-BF4B-00C04F79EFBC}") = "MTDemo1", "MTDemo1\MTDemo1.csproj", "{33D52A6D-3CAA-4A0A-9730-4DF0A3333D86}"
EndProject
Project("{FAE04EC0-301F-11D3-BF4B-00C04F79EFBC}") = "MTDemo2", "MTDemo2\MTDemo2.csproj", "{22812BEC-EA8C-4771-B607-8269E75F1882}"
EndProject
Project("{FAE04EC0-301F-11D3-BF4B-00C04F79EFBC}") = "MTDemo5", "MTDemo5\MTDemo5.csproj", "{C9E563DA-C803-49CC-A252-4FB9B01392E9}"
EndProject
Project("{FAE04EC0-301F-11D3-BF4B-00C04F79EFBC}") = "MTDeo6", "MTDeo6\MTDeo6.csproj", "{2AE79544-C4E6-4921-9D87-030590748144}"
EndProject
Project("{FAE04EC0-301F-11D3-BF4B-00C04F79EFBC}") = "MTDemo6", "MTDemo6\MTDemo6.csproj", "{8F6B1325-C13A-4298-BF22-43E2607CEF11}"
EndProject
Project("{FAE04EC0-301F-11D3-BF4B-00C04F79EFBC}") = "MTDemo7", "MTDemo7\MTDemo7.csproj", "{ACFB58EF-64A9-4574-8BAC-AEC73BC0B3F0}"
EndProject
Project("{FAE04EC0-301F-11D3-BF4B-00C04F79EFBC}") = "MTDemo8", "MTDemo8\MTDemo8.csproj", "{A03C09FB-10D8-4E07-8EC2-1334517337F2}"
EndProject
Project("{2150E333-8FDC-42A3-9474-1A3956D46DE8}") = "AI Recommandation Case Study", "AI Recommandation Case Study", "{934D4C9E-8167-4E08-A7B9-14D59B162E98}"
EndProject
Project("{2150E333-8FDC-42A3-9474-1A3956D46DE8}") = "Module1-Core Engine", "Module1-Core Engine", "{20338F02-C01F-4748-B9A3-985024B8BB2C}"
	ProjectSection(SolutionItems) = preProject
		E:\Training Materials 2020\OneDrive_1_10-31-2020\S\####Materials and Labs$$$$$$$$\Eurofins April 2019 Batch\Iteration 2\AI Recommandation Engine - Case Study\Step 1 - Recommender.jpg = E:\Training Materials 2020\OneDrive_1_10-31-2020\S\####Materials and Labs$$$$$$$$\Eurofins April 2019 Batch\Iteration 2\AI Recommandation Engine - Case Study\Step 1 - Recommender.jpg
	EndProjectSection
EndProject
Project("{FAE04EC0-301F-11D3-BF4B-00C04F79EFBC}") = "AIRecommandationEngine.CoreRecommandar", "AIRecommandationEngine.CoreRecommandar\AIRecommandationEngine.CoreRecommandar.csproj", "{04B8450A-34B4-4589-A7D9-20EE78BD2DEB}"
EndProject
Project("{FAE04EC0-301F-11D3-BF4B-00C04F79EFBC}") = "Recommander.UnitTest", "Recommander.UnitTest\Recommander.UnitTest.csproj", "{34CE177E-3E29-4541-8F9B-BE4E91610F45}"
EndProject
Project("{2150E333-8FDC-42A3-9474-1A3956D46DE8}") = "Module2-Data Loader", "Module2-Data Loader", "{A261ABB0-6C80-4C29-9F01-2D3272C77E01}"
EndProject
Project("{FAE04EC0-301F-11D3-BF4B-00C04F79EFBC}") = "AIRecommandationEngine.DataLoader", "AIRecommandationEngine.DataLoader\AIRecommandationEngine.DataLoader.csproj", "{7C84B5A9-B9C6-41FD-BBFA-6B810C5D1FEA}"
EndProject
Project("{2150E333-8FDC-42A3-9474-1A3956D46DE8}") = "Module3-Ratings Aggrigator", "Module3-Ratings Aggrigator", "{12654445-B215-4E15-9BC3-D1FB3ECD51AF}"
EndProject
Project("{FAE04EC0-301F-11D3-BF4B-00C04F79EFBC}") = "AIRecommandationEngine.Aggrigator", "AIRecommandationEngine.Aggrigator\AIRecommandationEngine.Aggrigator.csproj", "{37C78BFF-0167-442C-9E91-1CB4D49BD380}"
EndProject
Project("{2150E333-8FDC-42A3-9474-1A3956D46DE8}") = "Common Layer", "Common Layer", "{C4F70D36-2A0D-4958-8845-399A9C779F0D}"
EndProject
Project("{FAE04EC0-301F-11D3-BF4B-00C04F79EFBC}") = "AIRecommandationEngine.Common", "AIRecommandationEngine.Common\AIRecommandationEngine.Common.csproj", "{C096D64E-2CEA-41EE-B228-D2D3B7FFE483}"
EndProject
Project("{2150E333-8FDC-42A3-9474-1A3956D46DE8}") = "Module4-Integrator", "Module4-Integrator", "{2D2BBDA9-6414-42CF-AED4-ACFCFA8007E5}"
EndProject
Project("{FAE04EC0-301F-11D3-BF4B-00C04F79EFBC}") = "AIRecommandationEngine.Integrator", "AIRecommandationEngine.Integrator\AIRecommandationEngine.Integrator.csproj", "{BB45BA2A-A9AF-4630-90C2-8F24C8B44AFA}"
EndProject
Project("{2150E333-8FDC-42A3-9474-1A3956D46DE8}") = "Module5-ConsoleUI", "Module5-ConsoleUI", "{9AF94C67-1470-44E8-A2E2-B80E5301F022}"
EndProject
Project("{FAE04EC0-301F-11D3-BF4B-00C04F79EFBC}") = "AIRecommandationEngine.ConsoleUI", "AIRecommandationEngine.ConsoleUI\AIRecommandationEngine.ConsoleUI.csproj", "{12D7FF16-D13C-49B7-959C-0664DC251771}"
EndProject
Project("{FAE04EC0-301F-11D3-BF4B-00C04F79EFBC}") = "DisposeDemo", "DisposeDemo\DisposeDemo.csproj", "{9D236E79-FFED-4FDA-854E-0795E5EFB21E}"
EndProject
Project("{2150E333-8FDC-42A3-9474-1A3956D46DE8}") = "Design Patterns Demo", "Design Patterns Demo", "{06CD5304-C103-4EBB-9832-9F897638EC47}"
EndProject
Project("{FAE04EC0-301F-11D3-BF4B-00C04F79EFBC}") = "PointOfSaleConsoleApp", "PointOfSaleConsoleApp\PointOfSaleConsoleApp.csproj", "{98F3B53A-A1EB-40B4-BC3D-E6C67DB84E60}"
EndProject
Project("{2150E333-8FDC-42A3-9474-1A3956D46DE8}") = "Other", "Other", "{A442146E-43B3-402B-8BE5-B00AC9E9638A}"
EndProject
Project("{2150E333-8FDC-42A3-9474-1A3956D46DE8}") = "LINQ Demos", "LINQ Demos", "{FD26E8F9-921A-4E31-84B0-6C6D77BFF438}"
EndProject
Project("{FAE04EC0-301F-11D3-BF4B-00C04F79EFBC}") = "LanguageEnhancementsDemo", "LanguageEnhancementsDemo\LanguageEnhancementsDemo.csproj", "{7D9AADAA-836D-41EB-A8B7-FB9AF7152827}"
EndProject
Project("{FAE04EC0-301F-11D3-BF4B-00C04F79EFBC}") = "LinqDemo1", "LinqDemo1\LinqDemo1.csproj", "{4392C015-0488-4970-A4C6-683C7740CE9D}"
EndProject
Project("{FAE04EC0-301F-11D3-BF4B-00C04F79EFBC}") = "LinqDemo2", "LinqDemo2\LinqDemo2.csproj", "{EBF5A33A-7E4A-42BA-9F86-48926D69BF36}"
EndProject
Project("{FAE04EC0-301F-11D3-BF4B-00C04F79EFBC}") = "LinqDemo3", "LinqDemo3\LinqDemo3.csproj", "{9E32D648-1E9E-4FDD-BCB2-9FBFD6FB220C}"
EndProject
Project("{FAE04EC0-301F-11D3-BF4B-00C04F79EFBC}") = "LinqToXmlDemo", "LinqToXmlDemo\LinqToXmlDemo.csproj", "{E9F0971F-E996-4D81-BF54-6F5DB0DE1077}"
EndProject
Project("{2150E333-8FDC-42A3-9474-1A3956D46DE8}") = "EF Demos", "EF Demos", "{473B3D54-70FF-430D-8D90-591D3F91277F}"
EndProject
Project("{FAE04EC0-301F-11D3-BF4B-00C04F79EFBC}") = "EFDemo1", "EFDemo1\EFDemo1.csproj", "{864D1C1C-0095-4BC9-B6F2-E62FF415963B}"
EndProject
Project("{FAE04EC0-301F-11D3-BF4B-00C04F79EFBC}") = "BlazorApp1", "BlazorApp1\BlazorApp1.csproj", "{AF0B9AE1-5F06-4F96-B007-1B1EF0FB4DD8}"
EndProject
Project("{2150E333-8FDC-42A3-9474-1A3956D46DE8}") = "MVC Demos", "MVC Demos", "{166994CC-04AA-4656-92AB-A2CAED234F33}"
EndProject
Project("{2150E333-8FDC-42A3-9474-1A3956D46DE8}") = "Knowledge Hub Portal", "Knowledge Hub Portal", "{FE1B0988-E2FD-4F40-8ED7-66B877BB3168}"
EndProject
Project("{2150E333-8FDC-42A3-9474-1A3956D46DE8}") = "Presentation Layer", "Presentation Layer", "{04D4CBC5-BDBA-4717-8555-EA2AC08EF8F8}"
EndProject
Project("{2150E333-8FDC-42A3-9474-1A3956D46DE8}") = "Domain Layer", "Domain Layer", "{2E313F43-4C69-4604-B1FB-24258068C04E}"
EndProject
Project("{2150E333-8FDC-42A3-9474-1A3956D46DE8}") = "Data Layer", "Data Layer", "{0F0C160D-2D7A-42B4-8CBD-C14DC9C5712C}"
EndProject
Project("{FAE04EC0-301F-11D3-BF4B-00C04F79EFBC}") = "KnowledgeHubPortal.Data", "KnowledgeHubPortal.Data\KnowledgeHubPortal.Data.csproj", "{811B889C-D249-4E09-A695-CA5F24F12AE6}"
EndProject
Project("{FAE04EC0-301F-11D3-BF4B-00C04F79EFBC}") = "KnowledgeHubPortal.Domain", "KnowledgeHubPortal.Domain\KnowledgeHubPortal.Domain.csproj", "{42E6933C-31D6-4237-8FA2-7CE2F9DDFD5A}"
EndProject
Project("{FAE04EC0-301F-11D3-BF4B-00C04F79EFBC}") = "KnowledgeHubPortal.WebUI", "KnowledgeHubPortal.WebUI\KnowledgeHubPortal.WebUI.csproj", "{80D4B097-A874-4372-88CC-3AABE7B5D212}"
EndProject
Global
	GlobalSection(SolutionConfigurationPlatforms) = preSolution
		Debug|Any CPU = Debug|Any CPU
		Release|Any CPU = Release|Any CPU
	EndGlobalSection
	GlobalSection(ProjectConfigurationPlatforms) = postSolution
		{63AA8277-5026-47D7-A85A-7AFC4DF47099}.Debug|Any CPU.ActiveCfg = Debug|Any CPU
		{63AA8277-5026-47D7-A85A-7AFC4DF47099}.Debug|Any CPU.Build.0 = Debug|Any CPU
		{63AA8277-5026-47D7-A85A-7AFC4DF47099}.Release|Any CPU.ActiveCfg = Release|Any CPU
		{63AA8277-5026-47D7-A85A-7AFC4DF47099}.Release|Any CPU.Build.0 = Release|Any CPU
		{D3F7187D-BAD2-475D-AE39-6D46CAE21A69}.Debug|Any CPU.ActiveCfg = Debug|Any CPU
		{D3F7187D-BAD2-475D-AE39-6D46CAE21A69}.Debug|Any CPU.Build.0 = Debug|Any CPU
		{D3F7187D-BAD2-475D-AE39-6D46CAE21A69}.Release|Any CPU.ActiveCfg = Release|Any CPU
		{D3F7187D-BAD2-475D-AE39-6D46CAE21A69}.Release|Any CPU.Build.0 = Release|Any CPU
		{9AD8BD43-1ECB-4438-BD88-4C9ADD728C28}.Debug|Any CPU.ActiveCfg = Debug|Any CPU
		{9AD8BD43-1ECB-4438-BD88-4C9ADD728C28}.Debug|Any CPU.Build.0 = Debug|Any CPU
		{9AD8BD43-1ECB-4438-BD88-4C9ADD728C28}.Release|Any CPU.ActiveCfg = Release|Any CPU
		{9AD8BD43-1ECB-4438-BD88-4C9ADD728C28}.Release|Any CPU.Build.0 = Release|Any CPU
		{D0F3CF35-39E0-477B-BA5D-86EBA25EE559}.Debug|Any CPU.ActiveCfg = Debug|Any CPU
		{D0F3CF35-39E0-477B-BA5D-86EBA25EE559}.Debug|Any CPU.Build.0 = Debug|Any CPU
		{D0F3CF35-39E0-477B-BA5D-86EBA25EE559}.Release|Any CPU.ActiveCfg = Release|Any CPU
		{D0F3CF35-39E0-477B-BA5D-86EBA25EE559}.Release|Any CPU.Build.0 = Release|Any CPU
		{EB0A33A9-6EE8-4466-B1AB-C0861B12E73D}.Debug|Any CPU.ActiveCfg = Debug|Any CPU
		{EB0A33A9-6EE8-4466-B1AB-C0861B12E73D}.Debug|Any CPU.Build.0 = Debug|Any CPU
		{EB0A33A9-6EE8-4466-B1AB-C0861B12E73D}.Release|Any CPU.ActiveCfg = Release|Any CPU
		{EB0A33A9-6EE8-4466-B1AB-C0861B12E73D}.Release|Any CPU.Build.0 = Release|Any CPU
		{46AA39FB-BD66-47EB-A412-3ADDDB1B5AF3}.Debug|Any CPU.ActiveCfg = Debug|Any CPU
		{46AA39FB-BD66-47EB-A412-3ADDDB1B5AF3}.Debug|Any CPU.Build.0 = Debug|Any CPU
		{46AA39FB-BD66-47EB-A412-3ADDDB1B5AF3}.Release|Any CPU.ActiveCfg = Release|Any CPU
		{46AA39FB-BD66-47EB-A412-3ADDDB1B5AF3}.Release|Any CPU.Build.0 = Release|Any CPU
		{52F84594-BA2C-417A-BCCA-AEEC6A2B1809}.Debug|Any CPU.ActiveCfg = Debug|Any CPU
		{52F84594-BA2C-417A-BCCA-AEEC6A2B1809}.Debug|Any CPU.Build.0 = Debug|Any CPU
		{52F84594-BA2C-417A-BCCA-AEEC6A2B1809}.Release|Any CPU.ActiveCfg = Release|Any CPU
		{52F84594-BA2C-417A-BCCA-AEEC6A2B1809}.Release|Any CPU.Build.0 = Release|Any CPU
		{B3017B55-8265-49BC-890C-9C087DF0F431}.Debug|Any CPU.ActiveCfg = Debug|Any CPU
		{B3017B55-8265-49BC-890C-9C087DF0F431}.Debug|Any CPU.Build.0 = Debug|Any CPU
		{B3017B55-8265-49BC-890C-9C087DF0F431}.Release|Any CPU.ActiveCfg = Release|Any CPU
		{B3017B55-8265-49BC-890C-9C087DF0F431}.Release|Any CPU.Build.0 = Release|Any CPU
		{FC63D8B9-1932-45C6-AAE9-08925F85F4E2}.Debug|Any CPU.ActiveCfg = Debug|Any CPU
		{FC63D8B9-1932-45C6-AAE9-08925F85F4E2}.Debug|Any CPU.Build.0 = Debug|Any CPU
		{FC63D8B9-1932-45C6-AAE9-08925F85F4E2}.Release|Any CPU.ActiveCfg = Release|Any CPU
		{FC63D8B9-1932-45C6-AAE9-08925F85F4E2}.Release|Any CPU.Build.0 = Release|Any CPU
		{252C67B7-3E62-4F7C-A262-1CFCF29B6EE8}.Debug|Any CPU.ActiveCfg = Debug|Any CPU
		{252C67B7-3E62-4F7C-A262-1CFCF29B6EE8}.Debug|Any CPU.Build.0 = Debug|Any CPU
		{252C67B7-3E62-4F7C-A262-1CFCF29B6EE8}.Release|Any CPU.ActiveCfg = Release|Any CPU
		{252C67B7-3E62-4F7C-A262-1CFCF29B6EE8}.Release|Any CPU.Build.0 = Release|Any CPU
		{F5B577D2-C631-4B26-9697-BE2599479ACA}.Debug|Any CPU.ActiveCfg = Debug|Any CPU
		{F5B577D2-C631-4B26-9697-BE2599479ACA}.Debug|Any CPU.Build.0 = Debug|Any CPU
		{F5B577D2-C631-4B26-9697-BE2599479ACA}.Release|Any CPU.ActiveCfg = Release|Any CPU
		{F5B577D2-C631-4B26-9697-BE2599479ACA}.Release|Any CPU.Build.0 = Release|Any CPU
		{48639159-5DAF-4332-9AE9-9A4DD5B7E448}.Debug|Any CPU.ActiveCfg = Debug|Any CPU
		{48639159-5DAF-4332-9AE9-9A4DD5B7E448}.Debug|Any CPU.Build.0 = Debug|Any CPU
		{48639159-5DAF-4332-9AE9-9A4DD5B7E448}.Release|Any CPU.ActiveCfg = Release|Any CPU
		{48639159-5DAF-4332-9AE9-9A4DD5B7E448}.Release|Any CPU.Build.0 = Release|Any CPU
		{121A4452-B140-410D-A835-A3321B52F2C7}.Debug|Any CPU.ActiveCfg = Debug|Any CPU
		{121A4452-B140-410D-A835-A3321B52F2C7}.Debug|Any CPU.Build.0 = Debug|Any CPU
		{121A4452-B140-410D-A835-A3321B52F2C7}.Release|Any CPU.ActiveCfg = Release|Any CPU
		{121A4452-B140-410D-A835-A3321B52F2C7}.Release|Any CPU.Build.0 = Release|Any CPU
		{710085E4-ECCE-4E91-93AA-010114127BD2}.Debug|Any CPU.ActiveCfg = Debug|Any CPU
		{710085E4-ECCE-4E91-93AA-010114127BD2}.Debug|Any CPU.Build.0 = Debug|Any CPU
		{710085E4-ECCE-4E91-93AA-010114127BD2}.Release|Any CPU.ActiveCfg = Release|Any CPU
		{710085E4-ECCE-4E91-93AA-010114127BD2}.Release|Any CPU.Build.0 = Release|Any CPU
		{5731A003-087A-4BFE-AA29-F822CB3BC2C1}.Debug|Any CPU.ActiveCfg = Debug|Any CPU
		{5731A003-087A-4BFE-AA29-F822CB3BC2C1}.Debug|Any CPU.Build.0 = Debug|Any CPU
		{5731A003-087A-4BFE-AA29-F822CB3BC2C1}.Release|Any CPU.ActiveCfg = Release|Any CPU
		{5731A003-087A-4BFE-AA29-F822CB3BC2C1}.Release|Any CPU.Build.0 = Release|Any CPU
		{EAD6C918-640B-4073-B834-4893D29FF366}.Debug|Any CPU.ActiveCfg = Debug|Any CPU
		{EAD6C918-640B-4073-B834-4893D29FF366}.Debug|Any CPU.Build.0 = Debug|Any CPU
		{EAD6C918-640B-4073-B834-4893D29FF366}.Release|Any CPU.ActiveCfg = Release|Any CPU
		{EAD6C918-640B-4073-B834-4893D29FF366}.Release|Any CPU.Build.0 = Release|Any CPU
		{337971EC-4B36-4DC7-A1E2-2C7A716F5443}.Debug|Any CPU.ActiveCfg = Debug|Any CPU
		{337971EC-4B36-4DC7-A1E2-2C7A716F5443}.Debug|Any CPU.Build.0 = Debug|Any CPU
		{337971EC-4B36-4DC7-A1E2-2C7A716F5443}.Release|Any CPU.ActiveCfg = Release|Any CPU
		{337971EC-4B36-4DC7-A1E2-2C7A716F5443}.Release|Any CPU.Build.0 = Release|Any CPU
		{40CF080D-521B-49F3-9424-59D22BEF3ED4}.Debug|Any CPU.ActiveCfg = Debug|Any CPU
		{40CF080D-521B-49F3-9424-59D22BEF3ED4}.Debug|Any CPU.Build.0 = Debug|Any CPU
		{40CF080D-521B-49F3-9424-59D22BEF3ED4}.Release|Any CPU.ActiveCfg = Release|Any CPU
		{40CF080D-521B-49F3-9424-59D22BEF3ED4}.Release|Any CPU.Build.0 = Release|Any CPU
		{A4065EAD-7CAA-4A21-8683-4455FF65EAF5}.Debug|Any CPU.ActiveCfg = Debug|Any CPU
		{A4065EAD-7CAA-4A21-8683-4455FF65EAF5}.Debug|Any CPU.Build.0 = Debug|Any CPU
		{A4065EAD-7CAA-4A21-8683-4455FF65EAF5}.Release|Any CPU.ActiveCfg = Release|Any CPU
		{A4065EAD-7CAA-4A21-8683-4455FF65EAF5}.Release|Any CPU.Build.0 = Release|Any CPU
		{149FD500-829D-40C5-BA31-57324D44D36D}.Debug|Any CPU.ActiveCfg = Debug|Any CPU
		{149FD500-829D-40C5-BA31-57324D44D36D}.Debug|Any CPU.Build.0 = Debug|Any CPU
		{149FD500-829D-40C5-BA31-57324D44D36D}.Release|Any CPU.ActiveCfg = Release|Any CPU
		{149FD500-829D-40C5-BA31-57324D44D36D}.Release|Any CPU.Build.0 = Release|Any CPU
		{9C4BF879-EFD9-4FF0-90E9-106AC9782AA8}.Debug|Any CPU.ActiveCfg = Debug|Any CPU
		{9C4BF879-EFD9-4FF0-90E9-106AC9782AA8}.Debug|Any CPU.Build.0 = Debug|Any CPU
		{9C4BF879-EFD9-4FF0-90E9-106AC9782AA8}.Release|Any CPU.ActiveCfg = Release|Any CPU
		{9C4BF879-EFD9-4FF0-90E9-106AC9782AA8}.Release|Any CPU.Build.0 = Release|Any CPU
		{CA0B6F6D-BBA2-4625-8F0C-7B4A5064DC1E}.Debug|Any CPU.ActiveCfg = Debug|Any CPU
		{CA0B6F6D-BBA2-4625-8F0C-7B4A5064DC1E}.Debug|Any CPU.Build.0 = Debug|Any CPU
		{CA0B6F6D-BBA2-4625-8F0C-7B4A5064DC1E}.Release|Any CPU.ActiveCfg = Release|Any CPU
		{CA0B6F6D-BBA2-4625-8F0C-7B4A5064DC1E}.Release|Any CPU.Build.0 = Release|Any CPU
		{EF9B002B-4C05-4E64-92FC-16964E9E5D9C}.Debug|Any CPU.ActiveCfg = Debug|Any CPU
		{EF9B002B-4C05-4E64-92FC-16964E9E5D9C}.Debug|Any CPU.Build.0 = Debug|Any CPU
		{EF9B002B-4C05-4E64-92FC-16964E9E5D9C}.Release|Any CPU.ActiveCfg = Release|Any CPU
		{EF9B002B-4C05-4E64-92FC-16964E9E5D9C}.Release|Any CPU.Build.0 = Release|Any CPU
		{0D37D141-116C-4331-AF08-11E77F72EAED}.Debug|Any CPU.ActiveCfg = Debug|Any CPU
		{0D37D141-116C-4331-AF08-11E77F72EAED}.Debug|Any CPU.Build.0 = Debug|Any CPU
		{0D37D141-116C-4331-AF08-11E77F72EAED}.Release|Any CPU.ActiveCfg = Release|Any CPU
		{0D37D141-116C-4331-AF08-11E77F72EAED}.Release|Any CPU.Build.0 = Release|Any CPU
		{5F5F5A11-EEBE-48B3-A7CF-9EE1D379F809}.Debug|Any CPU.ActiveCfg = Debug|Any CPU
		{5F5F5A11-EEBE-48B3-A7CF-9EE1D379F809}.Debug|Any CPU.Build.0 = Debug|Any CPU
		{5F5F5A11-EEBE-48B3-A7CF-9EE1D379F809}.Release|Any CPU.ActiveCfg = Release|Any CPU
		{5F5F5A11-EEBE-48B3-A7CF-9EE1D379F809}.Release|Any CPU.Build.0 = Release|Any CPU
		{A77FDC8C-871F-4763-B037-C08D2E2B42CA}.Debug|Any CPU.ActiveCfg = Debug|Any CPU
		{A77FDC8C-871F-4763-B037-C08D2E2B42CA}.Debug|Any CPU.Build.0 = Debug|Any CPU
		{A77FDC8C-871F-4763-B037-C08D2E2B42CA}.Release|Any CPU.ActiveCfg = Release|Any CPU
		{A77FDC8C-871F-4763-B037-C08D2E2B42CA}.Release|Any CPU.Build.0 = Release|Any CPU
		{33D52A6D-3CAA-4A0A-9730-4DF0A3333D86}.Debug|Any CPU.ActiveCfg = Debug|Any CPU
		{33D52A6D-3CAA-4A0A-9730-4DF0A3333D86}.Debug|Any CPU.Build.0 = Debug|Any CPU
		{33D52A6D-3CAA-4A0A-9730-4DF0A3333D86}.Release|Any CPU.ActiveCfg = Release|Any CPU
		{33D52A6D-3CAA-4A0A-9730-4DF0A3333D86}.Release|Any CPU.Build.0 = Release|Any CPU
		{22812BEC-EA8C-4771-B607-8269E75F1882}.Debug|Any CPU.ActiveCfg = Debug|Any CPU
		{22812BEC-EA8C-4771-B607-8269E75F1882}.Debug|Any CPU.Build.0 = Debug|Any CPU
		{22812BEC-EA8C-4771-B607-8269E75F1882}.Release|Any CPU.ActiveCfg = Release|Any CPU
		{22812BEC-EA8C-4771-B607-8269E75F1882}.Release|Any CPU.Build.0 = Release|Any CPU
		{C9E563DA-C803-49CC-A252-4FB9B01392E9}.Debug|Any CPU.ActiveCfg = Debug|Any CPU
		{C9E563DA-C803-49CC-A252-4FB9B01392E9}.Debug|Any CPU.Build.0 = Debug|Any CPU
		{C9E563DA-C803-49CC-A252-4FB9B01392E9}.Release|Any CPU.ActiveCfg = Release|Any CPU
		{C9E563DA-C803-49CC-A252-4FB9B01392E9}.Release|Any CPU.Build.0 = Release|Any CPU
		{2AE79544-C4E6-4921-9D87-030590748144}.Debug|Any CPU.ActiveCfg = Debug|Any CPU
		{2AE79544-C4E6-4921-9D87-030590748144}.Debug|Any CPU.Build.0 = Debug|Any CPU
		{2AE79544-C4E6-4921-9D87-030590748144}.Release|Any CPU.ActiveCfg = Release|Any CPU
		{2AE79544-C4E6-4921-9D87-030590748144}.Release|Any CPU.Build.0 = Release|Any CPU
		{8F6B1325-C13A-4298-BF22-43E2607CEF11}.Debug|Any CPU.ActiveCfg = Debug|Any CPU
		{8F6B1325-C13A-4298-BF22-43E2607CEF11}.Debug|Any CPU.Build.0 = Debug|Any CPU
		{8F6B1325-C13A-4298-BF22-43E2607CEF11}.Release|Any CPU.ActiveCfg = Release|Any CPU
		{8F6B1325-C13A-4298-BF22-43E2607CEF11}.Release|Any CPU.Build.0 = Release|Any CPU
		{ACFB58EF-64A9-4574-8BAC-AEC73BC0B3F0}.Debug|Any CPU.ActiveCfg = Debug|Any CPU
		{ACFB58EF-64A9-4574-8BAC-AEC73BC0B3F0}.Debug|Any CPU.Build.0 = Debug|Any CPU
		{ACFB58EF-64A9-4574-8BAC-AEC73BC0B3F0}.Release|Any CPU.ActiveCfg = Release|Any CPU
		{ACFB58EF-64A9-4574-8BAC-AEC73BC0B3F0}.Release|Any CPU.Build.0 = Release|Any CPU
		{A03C09FB-10D8-4E07-8EC2-1334517337F2}.Debug|Any CPU.ActiveCfg = Debug|Any CPU
		{A03C09FB-10D8-4E07-8EC2-1334517337F2}.Debug|Any CPU.Build.0 = Debug|Any CPU
		{A03C09FB-10D8-4E07-8EC2-1334517337F2}.Release|Any CPU.ActiveCfg = Release|Any CPU
		{A03C09FB-10D8-4E07-8EC2-1334517337F2}.Release|Any CPU.Build.0 = Release|Any CPU
		{04B8450A-34B4-4589-A7D9-20EE78BD2DEB}.Debug|Any CPU.ActiveCfg = Debug|Any CPU
		{04B8450A-34B4-4589-A7D9-20EE78BD2DEB}.Debug|Any CPU.Build.0 = Debug|Any CPU
		{04B8450A-34B4-4589-A7D9-20EE78BD2DEB}.Release|Any CPU.ActiveCfg = Release|Any CPU
		{04B8450A-34B4-4589-A7D9-20EE78BD2DEB}.Release|Any CPU.Build.0 = Release|Any CPU
		{34CE177E-3E29-4541-8F9B-BE4E91610F45}.Debug|Any CPU.ActiveCfg = Debug|Any CPU
		{34CE177E-3E29-4541-8F9B-BE4E91610F45}.Debug|Any CPU.Build.0 = Debug|Any CPU
		{34CE177E-3E29-4541-8F9B-BE4E91610F45}.Release|Any CPU.ActiveCfg = Release|Any CPU
		{34CE177E-3E29-4541-8F9B-BE4E91610F45}.Release|Any CPU.Build.0 = Release|Any CPU
		{7C84B5A9-B9C6-41FD-BBFA-6B810C5D1FEA}.Debug|Any CPU.ActiveCfg = Debug|Any CPU
		{7C84B5A9-B9C6-41FD-BBFA-6B810C5D1FEA}.Debug|Any CPU.Build.0 = Debug|Any CPU
		{7C84B5A9-B9C6-41FD-BBFA-6B810C5D1FEA}.Release|Any CPU.ActiveCfg = Release|Any CPU
		{7C84B5A9-B9C6-41FD-BBFA-6B810C5D1FEA}.Release|Any CPU.Build.0 = Release|Any CPU
		{37C78BFF-0167-442C-9E91-1CB4D49BD380}.Debug|Any CPU.ActiveCfg = Debug|Any CPU
		{37C78BFF-0167-442C-9E91-1CB4D49BD380}.Debug|Any CPU.Build.0 = Debug|Any CPU
		{37C78BFF-0167-442C-9E91-1CB4D49BD380}.Release|Any CPU.ActiveCfg = Release|Any CPU
		{37C78BFF-0167-442C-9E91-1CB4D49BD380}.Release|Any CPU.Build.0 = Release|Any CPU
		{C096D64E-2CEA-41EE-B228-D2D3B7FFE483}.Debug|Any CPU.ActiveCfg = Debug|Any CPU
		{C096D64E-2CEA-41EE-B228-D2D3B7FFE483}.Debug|Any CPU.Build.0 = Debug|Any CPU
		{C096D64E-2CEA-41EE-B228-D2D3B7FFE483}.Release|Any CPU.ActiveCfg = Release|Any CPU
		{C096D64E-2CEA-41EE-B228-D2D3B7FFE483}.Release|Any CPU.Build.0 = Release|Any CPU
		{BB45BA2A-A9AF-4630-90C2-8F24C8B44AFA}.Debug|Any CPU.ActiveCfg = Debug|Any CPU
		{BB45BA2A-A9AF-4630-90C2-8F24C8B44AFA}.Debug|Any CPU.Build.0 = Debug|Any CPU
		{BB45BA2A-A9AF-4630-90C2-8F24C8B44AFA}.Release|Any CPU.ActiveCfg = Release|Any CPU
		{BB45BA2A-A9AF-4630-90C2-8F24C8B44AFA}.Release|Any CPU.Build.0 = Release|Any CPU
		{12D7FF16-D13C-49B7-959C-0664DC251771}.Debug|Any CPU.ActiveCfg = Debug|Any CPU
		{12D7FF16-D13C-49B7-959C-0664DC251771}.Debug|Any CPU.Build.0 = Debug|Any CPU
		{12D7FF16-D13C-49B7-959C-0664DC251771}.Release|Any CPU.ActiveCfg = Release|Any CPU
		{12D7FF16-D13C-49B7-959C-0664DC251771}.Release|Any CPU.Build.0 = Release|Any CPU
		{9D236E79-FFED-4FDA-854E-0795E5EFB21E}.Debug|Any CPU.ActiveCfg = Debug|Any CPU
		{9D236E79-FFED-4FDA-854E-0795E5EFB21E}.Debug|Any CPU.Build.0 = Debug|Any CPU
		{9D236E79-FFED-4FDA-854E-0795E5EFB21E}.Release|Any CPU.ActiveCfg = Release|Any CPU
		{9D236E79-FFED-4FDA-854E-0795E5EFB21E}.Release|Any CPU.Build.0 = Release|Any CPU
		{98F3B53A-A1EB-40B4-BC3D-E6C67DB84E60}.Debug|Any CPU.ActiveCfg = Debug|Any CPU
		{98F3B53A-A1EB-40B4-BC3D-E6C67DB84E60}.Debug|Any CPU.Build.0 = Debug|Any CPU
		{98F3B53A-A1EB-40B4-BC3D-E6C67DB84E60}.Release|Any CPU.ActiveCfg = Release|Any CPU
		{98F3B53A-A1EB-40B4-BC3D-E6C67DB84E60}.Release|Any CPU.Build.0 = Release|Any CPU
		{7D9AADAA-836D-41EB-A8B7-FB9AF7152827}.Debug|Any CPU.ActiveCfg = Debug|Any CPU
		{7D9AADAA-836D-41EB-A8B7-FB9AF7152827}.Debug|Any CPU.Build.0 = Debug|Any CPU
		{7D9AADAA-836D-41EB-A8B7-FB9AF7152827}.Release|Any CPU.ActiveCfg = Release|Any CPU
		{7D9AADAA-836D-41EB-A8B7-FB9AF7152827}.Release|Any CPU.Build.0 = Release|Any CPU
		{4392C015-0488-4970-A4C6-683C7740CE9D}.Debug|Any CPU.ActiveCfg = Debug|Any CPU
		{4392C015-0488-4970-A4C6-683C7740CE9D}.Debug|Any CPU.Build.0 = Debug|Any CPU
		{4392C015-0488-4970-A4C6-683C7740CE9D}.Release|Any CPU.ActiveCfg = Release|Any CPU
		{4392C015-0488-4970-A4C6-683C7740CE9D}.Release|Any CPU.Build.0 = Release|Any CPU
		{EBF5A33A-7E4A-42BA-9F86-48926D69BF36}.Debug|Any CPU.ActiveCfg = Debug|Any CPU
		{EBF5A33A-7E4A-42BA-9F86-48926D69BF36}.Debug|Any CPU.Build.0 = Debug|Any CPU
		{EBF5A33A-7E4A-42BA-9F86-48926D69BF36}.Release|Any CPU.ActiveCfg = Release|Any CPU
		{EBF5A33A-7E4A-42BA-9F86-48926D69BF36}.Release|Any CPU.Build.0 = Release|Any CPU
		{9E32D648-1E9E-4FDD-BCB2-9FBFD6FB220C}.Debug|Any CPU.ActiveCfg = Debug|Any CPU
		{9E32D648-1E9E-4FDD-BCB2-9FBFD6FB220C}.Debug|Any CPU.Build.0 = Debug|Any CPU
		{9E32D648-1E9E-4FDD-BCB2-9FBFD6FB220C}.Release|Any CPU.ActiveCfg = Release|Any CPU
		{9E32D648-1E9E-4FDD-BCB2-9FBFD6FB220C}.Release|Any CPU.Build.0 = Release|Any CPU
		{E9F0971F-E996-4D81-BF54-6F5DB0DE1077}.Debug|Any CPU.ActiveCfg = Debug|Any CPU
		{E9F0971F-E996-4D81-BF54-6F5DB0DE1077}.Debug|Any CPU.Build.0 = Debug|Any CPU
		{E9F0971F-E996-4D81-BF54-6F5DB0DE1077}.Release|Any CPU.ActiveCfg = Release|Any CPU
		{E9F0971F-E996-4D81-BF54-6F5DB0DE1077}.Release|Any CPU.Build.0 = Release|Any CPU
		{864D1C1C-0095-4BC9-B6F2-E62FF415963B}.Debug|Any CPU.ActiveCfg = Debug|Any CPU
		{864D1C1C-0095-4BC9-B6F2-E62FF415963B}.Debug|Any CPU.Build.0 = Debug|Any CPU
		{864D1C1C-0095-4BC9-B6F2-E62FF415963B}.Release|Any CPU.ActiveCfg = Release|Any CPU
		{864D1C1C-0095-4BC9-B6F2-E62FF415963B}.Release|Any CPU.Build.0 = Release|Any CPU
		{AF0B9AE1-5F06-4F96-B007-1B1EF0FB4DD8}.Debug|Any CPU.ActiveCfg = Debug|Any CPU
		{AF0B9AE1-5F06-4F96-B007-1B1EF0FB4DD8}.Debug|Any CPU.Build.0 = Debug|Any CPU
		{AF0B9AE1-5F06-4F96-B007-1B1EF0FB4DD8}.Release|Any CPU.ActiveCfg = Release|Any CPU
		{AF0B9AE1-5F06-4F96-B007-1B1EF0FB4DD8}.Release|Any CPU.Build.0 = Release|Any CPU
		{811B889C-D249-4E09-A695-CA5F24F12AE6}.Debug|Any CPU.ActiveCfg = Debug|Any CPU
		{811B889C-D249-4E09-A695-CA5F24F12AE6}.Debug|Any CPU.Build.0 = Debug|Any CPU
		{811B889C-D249-4E09-A695-CA5F24F12AE6}.Release|Any CPU.ActiveCfg = Release|Any CPU
		{811B889C-D249-4E09-A695-CA5F24F12AE6}.Release|Any CPU.Build.0 = Release|Any CPU
		{42E6933C-31D6-4237-8FA2-7CE2F9DDFD5A}.Debug|Any CPU.ActiveCfg = Debug|Any CPU
		{42E6933C-31D6-4237-8FA2-7CE2F9DDFD5A}.Debug|Any CPU.Build.0 = Debug|Any CPU
		{42E6933C-31D6-4237-8FA2-7CE2F9DDFD5A}.Release|Any CPU.ActiveCfg = Release|Any CPU
		{42E6933C-31D6-4237-8FA2-7CE2F9DDFD5A}.Release|Any CPU.Build.0 = Release|Any CPU
		{80D4B097-A874-4372-88CC-3AABE7B5D212}.Debug|Any CPU.ActiveCfg = Debug|Any CPU
		{80D4B097-A874-4372-88CC-3AABE7B5D212}.Debug|Any CPU.Build.0 = Debug|Any CPU
		{80D4B097-A874-4372-88CC-3AABE7B5D212}.Release|Any CPU.ActiveCfg = Release|Any CPU
		{80D4B097-A874-4372-88CC-3AABE7B5D212}.Release|Any CPU.Build.0 = Release|Any CPU
	EndGlobalSection
	GlobalSection(SolutionProperties) = preSolution
		HideSolutionNode = FALSE
	EndGlobalSection
	GlobalSection(NestedProjects) = preSolution
		{63AA8277-5026-47D7-A85A-7AFC4DF47099} = {A442146E-43B3-402B-8BE5-B00AC9E9638A}
		{9AD8BD43-1ECB-4438-BD88-4C9ADD728C28} = {44E81E7A-56D7-4384-8289-565BBAD455B6}
		{D0F3CF35-39E0-477B-BA5D-86EBA25EE559} = {A1E81D43-8AB1-4614-A222-6FB48BEA0F30}
		{44E81E7A-56D7-4384-8289-565BBAD455B6} = {1CFCDB63-6D10-4874-A4A0-2E3AC103BE1B}
		{A1E81D43-8AB1-4614-A222-6FB48BEA0F30} = {1CFCDB63-6D10-4874-A4A0-2E3AC103BE1B}
		{EB0A33A9-6EE8-4466-B1AB-C0861B12E73D} = {44E81E7A-56D7-4384-8289-565BBAD455B6}
		{46AA39FB-BD66-47EB-A412-3ADDDB1B5AF3} = {69CAA88D-CA36-4CBB-AF4C-886C54C74957}
		{52F84594-BA2C-417A-BCCA-AEEC6A2B1809} = {69CAA88D-CA36-4CBB-AF4C-886C54C74957}
		{B3017B55-8265-49BC-890C-9C087DF0F431} = {69CAA88D-CA36-4CBB-AF4C-886C54C74957}
		{FC63D8B9-1932-45C6-AAE9-08925F85F4E2} = {69CAA88D-CA36-4CBB-AF4C-886C54C74957}
		{252C67B7-3E62-4F7C-A262-1CFCF29B6EE8} = {69CAA88D-CA36-4CBB-AF4C-886C54C74957}
		{F5B577D2-C631-4B26-9697-BE2599479ACA} = {69CAA88D-CA36-4CBB-AF4C-886C54C74957}
		{48639159-5DAF-4332-9AE9-9A4DD5B7E448} = {69CAA88D-CA36-4CBB-AF4C-886C54C74957}
		{121A4452-B140-410D-A835-A3321B52F2C7} = {8C0CB7FC-12FF-4C2C-9907-901B99C7864F}
		{710085E4-ECCE-4E91-93AA-010114127BD2} = {8C0CB7FC-12FF-4C2C-9907-901B99C7864F}
		{5731A003-087A-4BFE-AA29-F822CB3BC2C1} = {8C0CB7FC-12FF-4C2C-9907-901B99C7864F}
		{EAD6C918-640B-4073-B834-4893D29FF366} = {F9DAFDAA-FAF1-4137-8417-7CDBF59A170B}
		{337971EC-4B36-4DC7-A1E2-2C7A716F5443} = {302AF3AC-C9C7-43C9-9299-93AA29CDF4AC}
		{ECF99179-4EB7-451C-A82C-4C58F798507C} = {0282FB60-FF82-468E-A28A-8A147ED851A0}
		{0188CC2F-B894-4791-9B24-CF7F004ED6A1} = {0282FB60-FF82-468E-A28A-8A147ED851A0}
		{40CF080D-521B-49F3-9424-59D22BEF3ED4} = {ECF99179-4EB7-451C-A82C-4C58F798507C}
		{A4065EAD-7CAA-4A21-8683-4455FF65EAF5} = {0188CC2F-B894-4791-9B24-CF7F004ED6A1}
		{149FD500-829D-40C5-BA31-57324D44D36D} = {45197EE5-25A5-4126-ABF7-5BA2D253C5F1}
		{9C4BF879-EFD9-4FF0-90E9-106AC9782AA8} = {45197EE5-25A5-4126-ABF7-5BA2D253C5F1}
		{CA0B6F6D-BBA2-4625-8F0C-7B4A5064DC1E} = {45197EE5-25A5-4126-ABF7-5BA2D253C5F1}
		{EF9B002B-4C05-4E64-92FC-16964E9E5D9C} = {45197EE5-25A5-4126-ABF7-5BA2D253C5F1}
		{0D37D141-116C-4331-AF08-11E77F72EAED} = {E1F374D4-3FAC-4D04-AFC4-00A1AEACFF86}
		{5F5F5A11-EEBE-48B3-A7CF-9EE1D379F809} = {E1F374D4-3FAC-4D04-AFC4-00A1AEACFF86}
		{A77FDC8C-871F-4763-B037-C08D2E2B42CA} = {E1F374D4-3FAC-4D04-AFC4-00A1AEACFF86}
		{33D52A6D-3CAA-4A0A-9730-4DF0A3333D86} = {2536D24C-BC80-41E1-A04E-B9357C122A74}
		{22812BEC-EA8C-4771-B607-8269E75F1882} = {2536D24C-BC80-41E1-A04E-B9357C122A74}
		{C9E563DA-C803-49CC-A252-4FB9B01392E9} = {2536D24C-BC80-41E1-A04E-B9357C122A74}
		{2AE79544-C4E6-4921-9D87-030590748144} = {2536D24C-BC80-41E1-A04E-B9357C122A74}
		{8F6B1325-C13A-4298-BF22-43E2607CEF11} = {2536D24C-BC80-41E1-A04E-B9357C122A74}
		{ACFB58EF-64A9-4574-8BAC-AEC73BC0B3F0} = {2536D24C-BC80-41E1-A04E-B9357C122A74}
		{A03C09FB-10D8-4E07-8EC2-1334517337F2} = {2536D24C-BC80-41E1-A04E-B9357C122A74}
		{20338F02-C01F-4748-B9A3-985024B8BB2C} = {934D4C9E-8167-4E08-A7B9-14D59B162E98}
		{04B8450A-34B4-4589-A7D9-20EE78BD2DEB} = {20338F02-C01F-4748-B9A3-985024B8BB2C}
		{34CE177E-3E29-4541-8F9B-BE4E91610F45} = {20338F02-C01F-4748-B9A3-985024B8BB2C}
		{A261ABB0-6C80-4C29-9F01-2D3272C77E01} = {934D4C9E-8167-4E08-A7B9-14D59B162E98}
		{7C84B5A9-B9C6-41FD-BBFA-6B810C5D1FEA} = {A261ABB0-6C80-4C29-9F01-2D3272C77E01}
		{12654445-B215-4E15-9BC3-D1FB3ECD51AF} = {934D4C9E-8167-4E08-A7B9-14D59B162E98}
		{37C78BFF-0167-442C-9E91-1CB4D49BD380} = {12654445-B215-4E15-9BC3-D1FB3ECD51AF}
		{C4F70D36-2A0D-4958-8845-399A9C779F0D} = {934D4C9E-8167-4E08-A7B9-14D59B162E98}
		{C096D64E-2CEA-41EE-B228-D2D3B7FFE483} = {C4F70D36-2A0D-4958-8845-399A9C779F0D}
		{2D2BBDA9-6414-42CF-AED4-ACFCFA8007E5} = {934D4C9E-8167-4E08-A7B9-14D59B162E98}
		{BB45BA2A-A9AF-4630-90C2-8F24C8B44AFA} = {2D2BBDA9-6414-42CF-AED4-ACFCFA8007E5}
		{9AF94C67-1470-44E8-A2E2-B80E5301F022} = {934D4C9E-8167-4E08-A7B9-14D59B162E98}
		{12D7FF16-D13C-49B7-959C-0664DC251771} = {9AF94C67-1470-44E8-A2E2-B80E5301F022}
		{9D236E79-FFED-4FDA-854E-0795E5EFB21E} = {A442146E-43B3-402B-8BE5-B00AC9E9638A}
		{06CD5304-C103-4EBB-9832-9F897638EC47} = {934D4C9E-8167-4E08-A7B9-14D59B162E98}
		{98F3B53A-A1EB-40B4-BC3D-E6C67DB84E60} = {06CD5304-C103-4EBB-9832-9F897638EC47}
		{7D9AADAA-836D-41EB-A8B7-FB9AF7152827} = {FD26E8F9-921A-4E31-84B0-6C6D77BFF438}
		{4392C015-0488-4970-A4C6-683C7740CE9D} = {FD26E8F9-921A-4E31-84B0-6C6D77BFF438}
		{EBF5A33A-7E4A-42BA-9F86-48926D69BF36} = {FD26E8F9-921A-4E31-84B0-6C6D77BFF438}
		{9E32D648-1E9E-4FDD-BCB2-9FBFD6FB220C} = {FD26E8F9-921A-4E31-84B0-6C6D77BFF438}
		{E9F0971F-E996-4D81-BF54-6F5DB0DE1077} = {FD26E8F9-921A-4E31-84B0-6C6D77BFF438}
		{864D1C1C-0095-4BC9-B6F2-E62FF415963B} = {473B3D54-70FF-430D-8D90-591D3F91277F}
		{FE1B0988-E2FD-4F40-8ED7-66B877BB3168} = {166994CC-04AA-4656-92AB-A2CAED234F33}
		{04D4CBC5-BDBA-4717-8555-EA2AC08EF8F8} = {FE1B0988-E2FD-4F40-8ED7-66B877BB3168}
		{2E313F43-4C69-4604-B1FB-24258068C04E} = {FE1B0988-E2FD-4F40-8ED7-66B877BB3168}
		{0F0C160D-2D7A-42B4-8CBD-C14DC9C5712C} = {FE1B0988-E2FD-4F40-8ED7-66B877BB3168}
		{811B889C-D249-4E09-A695-CA5F24F12AE6} = {0F0C160D-2D7A-42B4-8CBD-C14DC9C5712C}
		{42E6933C-31D6-4237-8FA2-7CE2F9DDFD5A} = {2E313F43-4C69-4604-B1FB-24258068C04E}
		{80D4B097-A874-4372-88CC-3AABE7B5D212} = {04D4CBC5-BDBA-4717-8555-EA2AC08EF8F8}
	EndGlobalSection
	GlobalSection(ExtensibilityGlobals) = postSolution
		SolutionGuid = {4FE45911-3EF7-4206-9B62-38E4C8ACA190}
	EndGlobalSection
EndGlobal
